{
  "version": 4,
  "terraform_version": "1.3.4",
  "serial": 2,
  "lineage": "d75ea1a4-1222-1979-1ba0-b5ce95f0f65e",
  "outputs": {
    "dscg": {
      "value": {
        "aid": "XRCARRIERDSCG-16",
        "carrierid": "1",
        "deviceid": "41ec939a-3a26-4c4d-766d-63f3fbd69add",
        "dscgctrl": null,
        "dscgid": "20",
        "id": "xr-regA_H1-L1/lineptps/1/carriers/1/dscgs/8",
        "idlecdscs": null,
        "lineptpid": "1",
        "n": "xr-regA_H1-L1",
        "rxcdscs": [
          2,
          3,
          5,
          6
        ],
        "txcdscs": [
          1,
          2,
          5
        ]
      },
      "type": [
        "object",
        {
          "aid": "string",
          "carrierid": "string",
          "deviceid": "string",
          "dscgctrl": "number",
          "dscgid": "string",
          "id": "string",
          "idlecdscs": [
            "list",
            "number"
          ],
          "lineptpid": "string",
          "n": "string",
          "rxcdscs": [
            "list",
            "number"
          ],
          "txcdscs": [
            "list",
            "number"
          ]
        }
      ]
    }
  },
  "resources": [
    {
      "mode": "managed",
      "type": "xrcm_dscg",
      "name": "dscg",
      "provider": "provider[\"infinera.com/poc/xrcm\"]",
      "instances": [
        {
          "schema_version": 0,
          "attributes": {
            "aid": "XRCARRIERDSCG-16",
            "carrierid": "1",
            "deviceid": "41ec939a-3a26-4c4d-766d-63f3fbd69add",
            "dscgctrl": null,
            "dscgid": "20",
            "id": "xr-regA_H1-L1/lineptps/1/carriers/1/dscgs/8",
            "idlecdscs": null,
            "lineptpid": "1",
            "n": "xr-regA_H1-L1",
            "rxcdscs": [
              2,
              3,
              5,
              6
            ],
            "txcdscs": [
              1,
              2,
              5
            ]
          },
          "sensitive_attributes": []
        }
      ]
    }
  ],
  "check_results": null
}
