{
  "version": 4,
  "terraform_version": "1.1.3",
  "serial": 1,
  "lineage": "bb543bae-f333-acfe-4c16-e5ef5cdfba3c",
  "outputs": {},
  "resources": [
    {
      "mode": "managed",
      "type": "xrcm_carrier",
      "name": "carrier",
      "provider": "provider[\"infinera.com/poc/xrcm\"]",
      "instances": [
        {
          "status": "tainted",
          "schema_version": 0,
          "attributes": {
            "aid": null,
            "capacity": 400,
            "carrierid": "1",
            "clientportmode": "ethernet",
            "constellationfrequency": 0,
            "deviceid": null,
            "id": null,
            "modulation": "16QAM",
            "n": "XR-SFO_1-3",
            "portid": "1",
            "txpowertargetperdsc": -6
          },
          "sensitive_attributes": []
        }
      ]
    }
  ]
}
