{
  "version": 4,
  "terraform_version": "1.3.4",
  "serial": 6,
  "lineage": "885b7048-8883-a2e8-f436-3c21dfbe3aa4",
  "outputs": {
    "xrcm_ac1": {
      "value": {
        "acid": "3",
        "aid": "XRETHERNETAC-101",
        "capacity": "4",
        "deviceid": "6cdcde2b-c839-4322-6010-0659a2fe11b1",
        "emc": "MatchAll",
        "emc_outer_vid": "",
        "ethernetid": "1",
        "id": "xr-regA_H1-L1/ethernets/1/acs/8",
        "imc": "MatchAll",
        "imc_outer_vid": "",
        "n": "xr-regA_H1-L1"
      },
      "type": [
        "object",
        {
          "acid": "string",
          "aid": "string",
          "capacity": "string",
          "deviceid": "string",
          "emc": "string",
          "emc_outer_vid": "string",
          "ethernetid": "string",
          "id": "string",
          "imc": "string",
          "imc_outer_vid": "string",
          "n": "string"
        }
      ]
    }
  },
  "resources": [
    {
      "mode": "managed",
      "type": "xrcm_ac",
      "name": "ac1",
      "provider": "provider[\"infinera.com/poc/xrcm\"]",
      "instances": [
        {
          "schema_version": 0,
          "attributes": {
            "acid": "3",
            "aid": "XRETHERNETAC-101",
            "capacity": "4",
            "deviceid": "6cdcde2b-c839-4322-6010-0659a2fe11b1",
            "emc": "MatchAll",
            "emc_outer_vid": "",
            "ethernetid": "1",
            "id": "xr-regA_H1-L1/ethernets/1/acs/8",
            "imc": "MatchAll",
            "imc_outer_vid": "",
            "n": "xr-regA_H1-L1"
          },
          "sensitive_attributes": []
        }
      ]
    }
  ],
  "check_results": null
}
