{
  "version": 4,
  "terraform_version": "1.3.4",
  "serial": 2,
  "lineage": "8544dc7e-885b-d4f5-5c9d-3d46988636ab",
  "outputs": {
    "dsc": {
      "value": {
        "aid": null,
        "carrierid": "1",
        "cdsc": null,
        "deviceid": "2085f3bd-05cc-4119-40f5-dd9bab410eb2",
        "dscid": "1",
        "id": "xr-regA_H1-L1/lineptps/1/carriers/1/dscs/1",
        "lineptpid": "1",
        "n": "xr-regA_H1-L1",
        "relativedpo": 10,
        "rxstatus": "disabled",
        "txstatus": "disabled"
      },
      "type": [
        "object",
        {
          "aid": "string",
          "carrierid": "string",
          "cdsc": "number",
          "deviceid": "string",
          "dscid": "string",
          "id": "string",
          "lineptpid": "string",
          "n": "string",
          "relativedpo": "number",
          "rxstatus": "string",
          "txstatus": "string"
        }
      ]
    }
  },
  "resources": [
    {
      "mode": "managed",
      "type": "xrcm_dsc",
      "name": "dsc",
      "provider": "provider[\"infinera.com/poc/xrcm\"]",
      "instances": [
        {
          "schema_version": 0,
          "attributes": {
            "aid": null,
            "carrierid": "1",
            "cdsc": null,
            "deviceid": "2085f3bd-05cc-4119-40f5-dd9bab410eb2",
            "dscid": "1",
            "id": "xr-regA_H1-L1/lineptps/1/carriers/1/dscs/1",
            "lineptpid": "1",
            "n": "xr-regA_H1-L1",
            "relativedpo": 10,
            "rxstatus": "disabled",
            "txstatus": "disabled"
          },
          "sensitive_attributes": []
        }
      ]
    }
  ],
  "check_results": null
}
