{
  "version": 4,
  "terraform_version": "1.3.4",
  "serial": 2,
  "lineage": "cd9c39b7-8b2b-4db0-55be-8e2d97526f4b",
  "outputs": {
    "cfg": {
      "value": {
        "aid": "XR-CFG",
        "configuredrole": null,
        "currentrole": "unknown",
        "deviceid": "e7ccf186-9fcc-43d1-53a2-07f38a4ed907",
        "fiberconnectionmode": null,
        "id": "xr-regA_H2-L1/cfg",
        "n": "xr-regA_H2-L1",
        "restartaction": null,
        "rolestatus": "scanning",
        "serdesrate": "25",
        "tcmode": false,
        "trafficmode": "L1Mode",
        "trafficmodecontrol": ""
      },
      "type": [
        "object",
        {
          "aid": "string",
          "configuredrole": "string",
          "currentrole": "string",
          "deviceid": "string",
          "fiberconnectionmode": "string",
          "id": "string",
          "n": "string",
          "restartaction": "number",
          "rolestatus": "string",
          "serdesrate": "string",
          "tcmode": "bool",
          "trafficmode": "string",
          "trafficmodecontrol": "string"
        }
      ]
    }
  },
  "resources": [
    {
      "mode": "managed",
      "type": "xrcm_cfg",
      "name": "cfg",
      "provider": "provider[\"infinera.com/poc/xrcm\"]",
      "instances": [
        {
          "schema_version": 0,
          "attributes": {
            "aid": "XR-CFG",
            "configuredrole": null,
            "currentrole": "unknown",
            "deviceid": "e7ccf186-9fcc-43d1-53a2-07f38a4ed907",
            "fiberconnectionmode": null,
            "id": "xr-regA_H2-L1/cfg",
            "n": "xr-regA_H2-L1",
            "restartaction": null,
            "rolestatus": "scanning",
            "serdesrate": "25",
            "tcmode": false,
            "trafficmode": "L1Mode",
            "trafficmodecontrol": ""
          },
          "sensitive_attributes": []
        }
      ]
    }
  ],
  "check_results": null
}
